
Microsoft Visual Studio Solution File, Format Version 12.00
# Visual Studio Version 17
VisualStudioVersion = 17.5.33502.453
MinimumVisualStudioVersion = 10.0.40219.1
Project("{FAE04EC0-301F-11D3-BF4B-00C04F79EFBC}") = "PlanesGame", "PlanesGame\PlanesGame.csproj", "{BAD625DC-85B3-425D-9B66-3A37AE248F66}"
EndProject
Global
	GlobalSection(SolutionConfigurationPlatforms) = preSolution
		Debug|Any CPU = Debug|Any CPU
		Release|Any CPU = Release|Any CPU
	EndGlobalSection
	GlobalSection(ProjectConfigurationPlatforms) = postSolution
		{BAD625DC-85B3-425D-9B66-3A37AE248F66}.Debug|Any CPU.ActiveCfg = Debug|Any CPU
		{BAD625DC-85B3-425D-9B66-3A37AE248F66}.Debug|Any CPU.Build.0 = Debug|Any CPU
		{BAD625DC-85B3-425D-9B66-3A37AE248F66}.Release|Any CPU.ActiveCfg = Release|Any CPU
		{BAD625DC-85B3-425D-9B66-3A37AE248F66}.Release|Any CPU.Build.0 = Release|Any CPU
	EndGlobalSection
	GlobalSection(SolutionProperties) = preSolution
		HideSolutionNode = FALSE
	EndGlobalSection
	GlobalSection(ExtensibilityGlobals) = postSolution
		SolutionGuid = {8A8F18FD-EC7B-4458-A2C1-70C0AC48FF1F}
	EndGlobalSection
EndGlobal
